
Microsoft Visual Studio Solution File, Format Version 12.00
# Visual Studio Version 17
VisualStudioVersion = 17.0.31903.59
MinimumVisualStudioVersion = 10.0.40219.1
Project("{2150E333-8FDC-42A3-9474-1A3956D46DE8}") = "src", "src", "{827E0CD3-B72D-47B6-A68D-7590B98EB39B}"
EndProject
Project("{FAE04EC0-301F-11D3-BF4B-00C04F79EFBC}") = "SaasEcommerce.Api", "src\SaasEcommerce.Api\SaasEcommerce.Api.csproj", "{369F9C18-B4CF-4E82-9831-8486C67FA328}"
EndProject
Project("{FAE04EC0-301F-11D3-BF4B-00C04F79EFBC}") = "SaasEcommerce.Application", "src\SaasEcommerce.Application\SaasEcommerce.Application.csproj", "{8DCD9AF0-23DC-4203-96F9-185020F3D649}"
EndProject
Project("{FAE04EC0-301F-11D3-BF4B-00C04F79EFBC}") = "SaasEcommerce.Domain", "src\SaasEcommerce.Domain\SaasEcommerce.Domain.csproj", "{328FF267-B539-424A-B7F4-A0201893F038}"
EndProject
Project("{FAE04EC0-301F-11D3-BF4B-00C04F79EFBC}") = "SaasEcommerce.Infrastructure", "src\SaasEcommerce.Infrastructure\SaasEcommerce.Infrastructure.csproj", "{C70BFE67-B619-4C49-8BA9-F963C03D7DD5}"
EndProject
Project("{FAE04EC0-301F-11D3-BF4B-00C04F79EFBC}") = "SaasEcommerce.Jobs", "src\SaasEcommerce.Jobs\SaasEcommerce.Jobs.csproj", "{34616CF1-3536-4439-9FAE-F3ACD3F89809}"
EndProject
Project("{2150E333-8FDC-42A3-9474-1A3956D46DE8}") = "tests", "tests", "{0AB3BF05-4346-4AA6-1389-037BE0695223}"
EndProject
Project("{FAE04EC0-301F-11D3-BF4B-00C04F79EFBC}") = "SaasEcommerce.IntegrationTests", "tests\SaasEcommerce.IntegrationTests\SaasEcommerce.IntegrationTests.csproj", "{C10AC744-42E3-4818-A985-20BE5922F6BC}"
EndProject
Project("{FAE04EC0-301F-11D3-BF4B-00C04F79EFBC}") = "SaasEcommerce.UnitTests", "tests\SaasEcommerce.UnitTests\SaasEcommerce.UnitTests.csproj", "{2B87F568-7188-44AF-965F-0EDC78263164}"
EndProject
Global
	GlobalSection(SolutionConfigurationPlatforms) = preSolution
		Debug|Any CPU = Debug|Any CPU
		Debug|x64 = Debug|x64
		Debug|x86 = Debug|x86
		Release|Any CPU = Release|Any CPU
		Release|x64 = Release|x64
		Release|x86 = Release|x86
	EndGlobalSection
	GlobalSection(ProjectConfigurationPlatforms) = postSolution
		{369F9C18-B4CF-4E82-9831-8486C67FA328}.Debug|Any CPU.ActiveCfg = Debug|Any CPU
		{369F9C18-B4CF-4E82-9831-8486C67FA328}.Debug|Any CPU.Build.0 = Debug|Any CPU
		{369F9C18-B4CF-4E82-9831-8486C67FA328}.Debug|x64.ActiveCfg = Debug|Any CPU
		{369F9C18-B4CF-4E82-9831-8486C67FA328}.Debug|x64.Build.0 = Debug|Any CPU
		{369F9C18-B4CF-4E82-9831-8486C67FA328}.Debug|x86.ActiveCfg = Debug|Any CPU
		{369F9C18-B4CF-4E82-9831-8486C67FA328}.Debug|x86.Build.0 = Debug|Any CPU
		{369F9C18-B4CF-4E82-9831-8486C67FA328}.Release|Any CPU.ActiveCfg = Release|Any CPU
		{369F9C18-B4CF-4E82-9831-8486C67FA328}.Release|Any CPU.Build.0 = Release|Any CPU
		{369F9C18-B4CF-4E82-9831-8486C67FA328}.Release|x64.ActiveCfg = Release|Any CPU
		{369F9C18-B4CF-4E82-9831-8486C67FA328}.Release|x64.Build.0 = Release|Any CPU
		{369F9C18-B4CF-4E82-9831-8486C67FA328}.Release|x86.ActiveCfg = Release|Any CPU
		{369F9C18-B4CF-4E82-9831-8486C67FA328}.Release|x86.Build.0 = Release|Any CPU
		{8DCD9AF0-23DC-4203-96F9-185020F3D649}.Debug|Any CPU.ActiveCfg = Debug|Any CPU
		{8DCD9AF0-23DC-4203-96F9-185020F3D649}.Debug|Any CPU.Build.0 = Debug|Any CPU
		{8DCD9AF0-23DC-4203-96F9-185020F3D649}.Debug|x64.ActiveCfg = Debug|Any CPU
		{8DCD9AF0-23DC-4203-96F9-185020F3D649}.Debug|x64.Build.0 = Debug|Any CPU
		{8DCD9AF0-23DC-4203-96F9-185020F3D649}.Debug|x86.ActiveCfg = Debug|Any CPU
		{8DCD9AF0-23DC-4203-96F9-185020F3D649}.Debug|x86.Build.0 = Debug|Any CPU
		{8DCD9AF0-23DC-4203-96F9-185020F3D649}.Release|Any CPU.ActiveCfg = Release|Any CPU
		{8DCD9AF0-23DC-4203-96F9-185020F3D649}.Release|Any CPU.Build.0 = Release|Any CPU
		{8DCD9AF0-23DC-4203-96F9-185020F3D649}.Release|x64.ActiveCfg = Release|Any CPU
		{8DCD9AF0-23DC-4203-96F9-185020F3D649}.Release|x64.Build.0 = Release|Any CPU
		{8DCD9AF0-23DC-4203-96F9-185020F3D649}.Release|x86.ActiveCfg = Release|Any CPU
		{8DCD9AF0-23DC-4203-96F9-185020F3D649}.Release|x86.Build.0 = Release|Any CPU
		{328FF267-B539-424A-B7F4-A0201893F038}.Debug|Any CPU.ActiveCfg = Debug|Any CPU
		{328FF267-B539-424A-B7F4-A0201893F038}.Debug|Any CPU.Build.0 = Debug|Any CPU
		{328FF267-B539-424A-B7F4-A0201893F038}.Debug|x64.ActiveCfg = Debug|Any CPU
		{328FF267-B539-424A-B7F4-A0201893F038}.Debug|x64.Build.0 = Debug|Any CPU
		{328FF267-B539-424A-B7F4-A0201893F038}.Debug|x86.ActiveCfg = Debug|Any CPU
		{328FF267-B539-424A-B7F4-A0201893F038}.Debug|x86.Build.0 = Debug|Any CPU
		{328FF267-B539-424A-B7F4-A0201893F038}.Release|Any CPU.ActiveCfg = Release|Any CPU
		{328FF267-B539-424A-B7F4-A0201893F038}.Release|Any CPU.Build.0 = Release|Any CPU
		{328FF267-B539-424A-B7F4-A0201893F038}.Release|x64.ActiveCfg = Release|Any CPU
		{328FF267-B539-424A-B7F4-A0201893F038}.Release|x64.Build.0 = Release|Any CPU
		{328FF267-B539-424A-B7F4-A0201893F038}.Release|x86.ActiveCfg = Release|Any CPU
		{328FF267-B539-424A-B7F4-A0201893F038}.Release|x86.Build.0 = Release|Any CPU
		{C70BFE67-B619-4C49-8BA9-F963C03D7DD5}.Debug|Any CPU.ActiveCfg = Debug|Any CPU
		{C70BFE67-B619-4C49-8BA9-F963C03D7DD5}.Debug|Any CPU.Build.0 = Debug|Any CPU
		{C70BFE67-B619-4C49-8BA9-F963C03D7DD5}.Debug|x64.ActiveCfg = Debug|Any CPU
		{C70BFE67-B619-4C49-8BA9-F963C03D7DD5}.Debug|x64.Build.0 = Debug|Any CPU
		{C70BFE67-B619-4C49-8BA9-F963C03D7DD5}.Debug|x86.ActiveCfg = Debug|Any CPU
		{C70BFE67-B619-4C49-8BA9-F963C03D7DD5}.Debug|x86.Build.0 = Debug|Any CPU
		{C70BFE67-B619-4C49-8BA9-F963C03D7DD5}.Release|Any CPU.ActiveCfg = Release|Any CPU
		{C70BFE67-B619-4C49-8BA9-F963C03D7DD5}.Release|Any CPU.Build.0 = Release|Any CPU
		{C70BFE67-B619-4C49-8BA9-F963C03D7DD5}.Release|x64.ActiveCfg = Release|Any CPU
		{C70BFE67-B619-4C49-8BA9-F963C03D7DD5}.Release|x64.Build.0 = Release|Any CPU
		{C70BFE67-B619-4C49-8BA9-F963C03D7DD5}.Release|x86.ActiveCfg = Release|Any CPU
		{C70BFE67-B619-4C49-8BA9-F963C03D7DD5}.Release|x86.Build.0 = Release|Any CPU
		{34616CF1-3536-4439-9FAE-F3ACD3F89809}.Debug|Any CPU.ActiveCfg = Debug|Any CPU
		{34616CF1-3536-4439-9FAE-F3ACD3F89809}.Debug|Any CPU.Build.0 = Debug|Any CPU
		{34616CF1-3536-4439-9FAE-F3ACD3F89809}.Debug|x64.ActiveCfg = Debug|Any CPU
		{34616CF1-3536-4439-9FAE-F3ACD3F89809}.Debug|x64.Build.0 = Debug|Any CPU
		{34616CF1-3536-4439-9FAE-F3ACD3F89809}.Debug|x86.ActiveCfg = Debug|Any CPU
		{34616CF1-3536-4439-9FAE-F3ACD3F89809}.Debug|x86.Build.0 = Debug|Any CPU
		{34616CF1-3536-4439-9FAE-F3ACD3F89809}.Release|Any CPU.ActiveCfg = Release|Any CPU
		{34616CF1-3536-4439-9FAE-F3ACD3F89809}.Release|Any CPU.Build.0 = Release|Any CPU
		{34616CF1-3536-4439-9FAE-F3ACD3F89809}.Release|x64.ActiveCfg = Release|Any CPU
		{34616CF1-3536-4439-9FAE-F3ACD3F89809}.Release|x64.Build.0 = Release|Any CPU
		{34616CF1-3536-4439-9FAE-F3ACD3F89809}.Release|x86.ActiveCfg = Release|Any CPU
		{34616CF1-3536-4439-9FAE-F3ACD3F89809}.Release|x86.Build.0 = Release|Any CPU
		{C10AC744-42E3-4818-A985-20BE5922F6BC}.Debug|Any CPU.ActiveCfg = Debug|Any CPU
		{C10AC744-42E3-4818-A985-20BE5922F6BC}.Debug|Any CPU.Build.0 = Debug|Any CPU
		{C10AC744-42E3-4818-A985-20BE5922F6BC}.Debug|x64.ActiveCfg = Debug|Any CPU
		{C10AC744-42E3-4818-A985-20BE5922F6BC}.Debug|x64.Build.0 = Debug|Any CPU
		{C10AC744-42E3-4818-A985-20BE5922F6BC}.Debug|x86.ActiveCfg = Debug|Any CPU
		{C10AC744-42E3-4818-A985-20BE5922F6BC}.Debug|x86.Build.0 = Debug|Any CPU
		{C10AC744-42E3-4818-A985-20BE5922F6BC}.Release|Any CPU.ActiveCfg = Release|Any CPU
		{C10AC744-42E3-4818-A985-20BE5922F6BC}.Release|Any CPU.Build.0 = Release|Any CPU
		{C10AC744-42E3-4818-A985-20BE5922F6BC}.Release|x64.ActiveCfg = Release|Any CPU
		{C10AC744-42E3-4818-A985-20BE5922F6BC}.Release|x64.Build.0 = Release|Any CPU
		{C10AC744-42E3-4818-A985-20BE5922F6BC}.Release|x86.ActiveCfg = Release|Any CPU
		{C10AC744-42E3-4818-A985-20BE5922F6BC}.Release|x86.Build.0 = Release|Any CPU
		{2B87F568-7188-44AF-965F-0EDC78263164}.Debug|Any CPU.ActiveCfg = Debug|Any CPU
		{2B87F568-7188-44AF-965F-0EDC78263164}.Debug|Any CPU.Build.0 = Debug|Any CPU
		{2B87F568-7188-44AF-965F-0EDC78263164}.Debug|x64.ActiveCfg = Debug|Any CPU
		{2B87F568-7188-44AF-965F-0EDC78263164}.Debug|x64.Build.0 = Debug|Any CPU
		{2B87F568-7188-44AF-965F-0EDC78263164}.Debug|x86.ActiveCfg = Debug|Any CPU
		{2B87F568-7188-44AF-965F-0EDC78263164}.Debug|x86.Build.0 = Debug|Any CPU
		{2B87F568-7188-44AF-965F-0EDC78263164}.Release|Any CPU.ActiveCfg = Release|Any CPU
		{2B87F568-7188-44AF-965F-0EDC78263164}.Release|Any CPU.Build.0 = Release|Any CPU
		{2B87F568-7188-44AF-965F-0EDC78263164}.Release|x64.ActiveCfg = Release|Any CPU
		{2B87F568-7188-44AF-965F-0EDC78263164}.Release|x64.Build.0 = Release|Any CPU
		{2B87F568-7188-44AF-965F-0EDC78263164}.Release|x86.ActiveCfg = Release|Any CPU
		{2B87F568-7188-44AF-965F-0EDC78263164}.Release|x86.Build.0 = Release|Any CPU
	EndGlobalSection
	GlobalSection(SolutionProperties) = preSolution
		HideSolutionNode = FALSE
	EndGlobalSection
	GlobalSection(NestedProjects) = preSolution
		{369F9C18-B4CF-4E82-9831-8486C67FA328} = {827E0CD3-B72D-47B6-A68D-7590B98EB39B}
		{8DCD9AF0-23DC-4203-96F9-185020F3D649} = {827E0CD3-B72D-47B6-A68D-7590B98EB39B}
		{328FF267-B539-424A-B7F4-A0201893F038} = {827E0CD3-B72D-47B6-A68D-7590B98EB39B}
		{C70BFE67-B619-4C49-8BA9-F963C03D7DD5} = {827E0CD3-B72D-47B6-A68D-7590B98EB39B}
		{34616CF1-3536-4439-9FAE-F3ACD3F89809} = {827E0CD3-B72D-47B6-A68D-7590B98EB39B}
		{C10AC744-42E3-4818-A985-20BE5922F6BC} = {0AB3BF05-4346-4AA6-1389-037BE0695223}
		{2B87F568-7188-44AF-965F-0EDC78263164} = {0AB3BF05-4346-4AA6-1389-037BE0695223}
	EndGlobalSection
EndGlobal
